
Microsoft Visual Studio Solution File, Format Version 12.00
# Visual Studio 15
VisualStudioVersion = 15.0.27703.2026
MinimumVisualStudioVersion = 10.0.40219.1
Project("{FAE04EC0-301F-11D3-BF4B-00C04F79EFBC}") = "Signature.Web", "Signature.Web\Signature.Web.csproj", "{2D07288C-5C6F-4F40-B834-A6D8C2C81A65}"
EndProject
Project("{FAE04EC0-301F-11D3-BF4B-00C04F79EFBC}") = "Signature.Core", "Signature.Core\Signature.Core.csproj", "{0CE01A99-2129-472A-9834-6A476286BF17}"
EndProject
Project("{2150E333-8FDC-42A3-9474-1A3956D46DE8}") = "References", "References", "{B3D20717-0CFF-448A-A95A-8B199FEEE893}"
	ProjectSection(SolutionItems) = preProject
		References\Brutal.Dev.StrongNameSigner.dll = References\Brutal.Dev.StrongNameSigner.dll
	EndProjectSection
EndProject
Global
	GlobalSection(SolutionConfigurationPlatforms) = preSolution
		Debug|Any CPU = Debug|Any CPU
		Release|Any CPU = Release|Any CPU
	EndGlobalSection
	GlobalSection(ProjectConfigurationPlatforms) = postSolution
		{2D07288C-5C6F-4F40-B834-A6D8C2C81A65}.Debug|Any CPU.ActiveCfg = Debug|Any CPU
		{2D07288C-5C6F-4F40-B834-A6D8C2C81A65}.Debug|Any CPU.Build.0 = Debug|Any CPU
		{2D07288C-5C6F-4F40-B834-A6D8C2C81A65}.Release|Any CPU.ActiveCfg = Release|Any CPU
		{2D07288C-5C6F-4F40-B834-A6D8C2C81A65}.Release|Any CPU.Build.0 = Release|Any CPU
		{0CE01A99-2129-472A-9834-6A476286BF17}.Debug|Any CPU.ActiveCfg = Debug|Any CPU
		{0CE01A99-2129-472A-9834-6A476286BF17}.Debug|Any CPU.Build.0 = Debug|Any CPU
		{0CE01A99-2129-472A-9834-6A476286BF17}.Release|Any CPU.ActiveCfg = Release|Any CPU
		{0CE01A99-2129-472A-9834-6A476286BF17}.Release|Any CPU.Build.0 = Release|Any CPU
	EndGlobalSection
	GlobalSection(SolutionProperties) = preSolution
		HideSolutionNode = FALSE
	EndGlobalSection
	GlobalSection(ExtensibilityGlobals) = postSolution
		SolutionGuid = {7508C75A-1152-4BCD-AFEC-740AD5460BDA}
	EndGlobalSection
EndGlobal
